
Microsoft Visual Studio Solution File, Format Version 12.00
# Visual Studio Version 16
VisualStudioVersion = 16.0.31624.102
MinimumVisualStudioVersion = 10.0.40219.1
Project("{FAE04EC0-301F-11D3-BF4B-00C04F79EFBC}") = "TodoWebApi", "TodoWebApi\TodoWebApi.csproj", "{73EB8AEC-3670-471E-B927-93A437376A07}"
EndProject
Global
	GlobalSection(SolutionConfigurationPlatforms) = preSolution
		Debug|Any CPU = Debug|Any CPU
		Release|Any CPU = Release|Any CPU
	EndGlobalSection
	GlobalSection(ProjectConfigurationPlatforms) = postSolution
		{73EB8AEC-3670-471E-B927-93A437376A07}.Debug|Any CPU.ActiveCfg = Debug|Any CPU
		{73EB8AEC-3670-471E-B927-93A437376A07}.Debug|Any CPU.Build.0 = Debug|Any CPU
		{73EB8AEC-3670-471E-B927-93A437376A07}.Release|Any CPU.ActiveCfg = Release|Any CPU
		{73EB8AEC-3670-471E-B927-93A437376A07}.Release|Any CPU.Build.0 = Release|Any CPU
	EndGlobalSection
	GlobalSection(SolutionProperties) = preSolution
		HideSolutionNode = FALSE
	EndGlobalSection
	GlobalSection(ExtensibilityGlobals) = postSolution
		SolutionGuid = {E973FF4B-E5B3-4A4A-8054-1BDF566E0E2E}
	EndGlobalSection
EndGlobal
